{
  "projects": [
    {
      "projectId": "7nJ7UcFmq9UzB6eXfC5z4a",
      "version": "0.28.0",
      "dependencies": {},
      "lang": "ts",
      "fileLocks": [
        {
          "assetId": "7nJ7UcFmq9UzB6eXfC5z4a",
          "type": "projectCss",
          "checksum": "806e75b741d37c4c53b87355cf8dfab1"
        }
      ],
      "codegenVersion": "0.0.1"
    },
    {
      "projectId": "gtteoYLA7Rg8Yjfa9QT5Hy",
      "version": "latest",
      "dependencies": {
        "7nJ7UcFmq9UzB6eXfC5z4a": "0.28.0"
      },
      "lang": "ts",
      "fileLocks": [
        {
          "type": "globalVariant",
          "assetId": "c8ti85WTvYmi",
          "checksum": "202725be62212f8c1de507b54e3d8bb4"
        },
        {
          "type": "renderModule",
          "assetId": "IEsxH_TM2R95",
          "checksum": "5ad23ce94903c524fb4eccc59db961d8"
        },
        {
          "type": "cssRules",
          "assetId": "IEsxH_TM2R95",
          "checksum": "5ad23ce94903c524fb4eccc59db961d8"
        },
        {
          "type": "renderModule",
          "assetId": "5po1E2kj0lwf",
          "checksum": "3170d7a49fa695668f8d5c08172e9f05"
        },
        {
          "type": "cssRules",
          "assetId": "5po1E2kj0lwf",
          "checksum": "3170d7a49fa695668f8d5c08172e9f05"
        },
        {
          "type": "renderModule",
          "assetId": "lWGRov4lz2a9",
          "checksum": "a85c0775768194b09e7a4f4e07488e6d"
        },
        {
          "type": "cssRules",
          "assetId": "lWGRov4lz2a9",
          "checksum": "a85c0775768194b09e7a4f4e07488e6d"
        },
        {
          "type": "renderModule",
          "assetId": "MU3DMwx9AwSp",
          "checksum": "7fd9fac2a717bd2ee414e5f081e6a61a"
        },
        {
          "type": "cssRules",
          "assetId": "MU3DMwx9AwSp",
          "checksum": "7fd9fac2a717bd2ee414e5f081e6a61a"
        },
        {
          "type": "renderModule",
          "assetId": "ilJy0VIfsOYQ",
          "checksum": "805a766a4bd14ae099eaedd5f2581952"
        },
        {
          "type": "cssRules",
          "assetId": "ilJy0VIfsOYQ",
          "checksum": "805a766a4bd14ae099eaedd5f2581952"
        },
        {
          "type": "renderModule",
          "assetId": "biZ1jyVG14cl",
          "checksum": "9ed3e4e25ff8f90a58bb7368a7fad34f"
        },
        {
          "type": "cssRules",
          "assetId": "biZ1jyVG14cl",
          "checksum": "9ed3e4e25ff8f90a58bb7368a7fad34f"
        },
        {
          "type": "renderModule",
          "assetId": "ayK4QLc_yCsZ",
          "checksum": "31a3aab19b314f31109f24f1911a16a5"
        },
        {
          "type": "cssRules",
          "assetId": "ayK4QLc_yCsZ",
          "checksum": "31a3aab19b314f31109f24f1911a16a5"
        },
        {
          "type": "renderModule",
          "assetId": "l0ECaHCt1rWZ",
          "checksum": "0688512cff4130b3ba648bf279dedb6b"
        },
        {
          "type": "cssRules",
          "assetId": "l0ECaHCt1rWZ",
          "checksum": "0688512cff4130b3ba648bf279dedb6b"
        },
        {
          "type": "icon",
          "assetId": "1ZGRXxICE1Km",
          "checksum": "bf5d7ce3783fbb254df65f0cff14b94f"
        },
        {
          "type": "icon",
          "assetId": "1ZPWorQ3s7j6",
          "checksum": "7baf5ec3e17c8b27758c4871da1d5510"
        },
        {
          "type": "icon",
          "assetId": "ZtYilcooq-8m",
          "checksum": "481d1bd900001fd1cbaa9dce7805792b"
        },
        {
          "type": "icon",
          "assetId": "E2ZD-Fu0gtFx",
          "checksum": "885d6084be56d88c38596b29202ec31f"
        },
        {
          "type": "icon",
          "assetId": "fGLnF3ma1eM_",
          "checksum": "596f53fae22cb7ce8f8073efcf9a36be"
        },
        {
          "type": "icon",
          "assetId": "miChh0gVk4o4",
          "checksum": "a7df9d45f2600b105554d329fbf2203c"
        },
        {
          "type": "icon",
          "assetId": "KEpv7iVq3X6N",
          "checksum": "22dbf19fcef063de1d6fc2a8855f4842"
        },
        {
          "type": "icon",
          "assetId": "6Msci9YN2ujW",
          "checksum": "d144642c849938bb9588fb607f93769f"
        },
        {
          "type": "icon",
          "assetId": "pkQrduZ4RAJ6",
          "checksum": "b22d4ec157b0734fa24e90651111d3cf"
        },
        {
          "type": "icon",
          "assetId": "Jjs7dzIZp7RH",
          "checksum": "3f4a5908085efd684cfa9e80dfb4bedf"
        },
        {
          "type": "image",
          "assetId": "V0yzMJ7cYhPl",
          "checksum": "80d1498957a5e91c9ca90fcfaff3de68"
        },
        {
          "type": "image",
          "assetId": "UKHFcOz42lFO",
          "checksum": "566b235bc6ed4de1c7722e0e0ed149cf"
        },
        {
          "type": "image",
          "assetId": "L_iEyXppoLK0",
          "checksum": "92791dc86a4c67177e3ee23d74f5f26f"
        },
        {
          "type": "image",
          "assetId": "BndWq3lhzvCx",
          "checksum": "82747c921df94ed8f426f1d8d889aa16"
        },
        {
          "type": "image",
          "assetId": "RfBdcl_zPWrp",
          "checksum": "ab4f9b424205aa85f67908ce9ae5963f"
        },
        {
          "type": "image",
          "assetId": "raf7zngJUFwE",
          "checksum": "6a418267e414d9e48dd49784d1661d75"
        },
        {
          "type": "image",
          "assetId": "3zsw-fXi0ILK",
          "checksum": "260cc21f8075a325950c9d56ae1081a8"
        },
        {
          "type": "image",
          "assetId": "VkRvbEed5olS",
          "checksum": "4b31c9b515dda641a84359264d6f8256"
        },
        {
          "type": "image",
          "assetId": "8KODTBoHKV3T",
          "checksum": "c87d5f951bbb4f615515de0f6c05d583"
        },
        {
          "type": "image",
          "assetId": "6Ml09JgdR0xH",
          "checksum": "7f21e8d24e352a491a86b61349ed62fd"
        },
        {
          "type": "image",
          "assetId": "98HzDtWFmhuW",
          "checksum": "de0cb4f2d17123d817bb0c305b912973"
        },
        {
          "type": "image",
          "assetId": "Zau23zpdV6Ub",
          "checksum": "d5099c1123a3d4289f0bf8ce95888c54"
        },
        {
          "type": "image",
          "assetId": "CS3KkkkvNOKK",
          "checksum": "91c7bc46500341542c275f6c1f2a80b6"
        },
        {
          "type": "image",
          "assetId": "GbCF_EwcrxZU",
          "checksum": "ca4cdeb68ef6e06dcea718a26046c907"
        },
        {
          "type": "image",
          "assetId": "lntNf0kXwuaD",
          "checksum": "96e3ec47f0454da14e1f9bb0cb30e2fc"
        },
        {
          "type": "image",
          "assetId": "1eJlxf9A8T-M",
          "checksum": "1242779c0f690baa461238561c730129"
        },
        {
          "type": "image",
          "assetId": "mPuEj8h113FV",
          "checksum": "20d7b59fb6c7aaec67397faefb945d07"
        },
        {
          "type": "image",
          "assetId": "3EfLRZ8kJAG_",
          "checksum": "55630aa72fe7e9765a5f11ed01df387e"
        },
        {
          "type": "image",
          "assetId": "FtUslp6ajuaV",
          "checksum": "85340b07585af0950c7e00727e6f55d6"
        },
        {
          "type": "image",
          "assetId": "axTYjtaoTrWD",
          "checksum": "361c4eab965d61d3859f2c8f31d5e5d3"
        },
        {
          "type": "image",
          "assetId": "iOaSbPIniSoN",
          "checksum": "259e586049c2881572df080f9a36a6e5"
        },
        {
          "type": "image",
          "assetId": "KGaTFROqRL28",
          "checksum": "b68eeffd19a35ef74984d26184c3b874"
        },
        {
          "type": "image",
          "assetId": "HFeHhClzonU0",
          "checksum": "a327620fe0eaa70d84902e79fe4b1a76"
        },
        {
          "type": "image",
          "assetId": "8rnvEUZ81x37",
          "checksum": "2579abb6e567e5f04267bc1a8030211e"
        },
        {
          "type": "image",
          "assetId": "-9g00spswHUE",
          "checksum": "08a21ce22c2315287d271207ca9e33a4"
        },
        {
          "type": "image",
          "assetId": "Z1Of7j53lOKk",
          "checksum": "d5f6975bec4b78b73efb4968441a1a6c"
        },
        {
          "type": "image",
          "assetId": "dfgqbAV3w6l6",
          "checksum": "37b0caca585064b11198be02e3255118"
        },
        {
          "type": "image",
          "assetId": "9NCKPEKCDPPL",
          "checksum": "86d60c604d2db8844e8a5788520c93e6"
        },
        {
          "type": "image",
          "assetId": "xfUD-vcpGDM_",
          "checksum": "0c48a576d7cfdd0a96177998e76fcede"
        },
        {
          "type": "image",
          "assetId": "u_7w81kIt1OI",
          "checksum": "8bdc7de8a2e4e9ec44e704424759efe0"
        },
        {
          "type": "image",
          "assetId": "Tb5cRIP9_L9y",
          "checksum": "0216794d6f9795567938e9adce0001eb"
        },
        {
          "type": "image",
          "assetId": "5YK2GGalhX8N",
          "checksum": "74c19f19c3308fd7640a5b6fe3ca9478"
        },
        {
          "type": "image",
          "assetId": "41lJ2JgAVF7f",
          "checksum": "ecfd4e04ac5bcb736e59b814b4202279"
        },
        {
          "type": "image",
          "assetId": "YBxcqoObopM0",
          "checksum": "bbeed6bce637dfd5b2ee111fb344ac3c"
        },
        {
          "type": "image",
          "assetId": "pGrcKl6p1UE-",
          "checksum": "72504c79a8c5651690ff932333440b48"
        },
        {
          "type": "image",
          "assetId": "KSu_syG8AMrs",
          "checksum": "3a71fbcb89374a7b09a0ff33907fbe4b"
        },
        {
          "type": "image",
          "assetId": "e6AF6b8k8mKb",
          "checksum": "abb4fb695503d3409d8633542b43cd09"
        },
        {
          "type": "image",
          "assetId": "dhzeelTfFnw1",
          "checksum": "29aa528716b666d3e6458a9272a8d77c"
        },
        {
          "type": "image",
          "assetId": "TLu1th_EdqCc",
          "checksum": "3204d0586685f52f53ae0ddb6fd26903"
        },
        {
          "type": "image",
          "assetId": "J7uxMhaGhSlH",
          "checksum": "c8ca45de7d14ad7bfb30ccb4ec5e8fcd"
        },
        {
          "type": "image",
          "assetId": "kxzhmr65eh-z",
          "checksum": "3eb759a74362ea1b95fd9aabe7a21563"
        },
        {
          "type": "image",
          "assetId": "mVSWQlGS57mE",
          "checksum": "3919d7a90fa464eeda6d39aa842db39b"
        },
        {
          "assetId": "gtteoYLA7Rg8Yjfa9QT5Hy",
          "type": "projectCss",
          "checksum": "2c7aefa4b563fbbdfaa93dac91b82d95"
        }
      ],
      "codegenVersion": "0.0.1"
    }
  ],
  "cliVersion": "0.1.330"
}
